{
  "name": "test_list",
  "version": "0.1.0",
  "lockfileVersion": 3,
  "requires": true,
  "packages": {
    "": {
      "version": "0.1.0",
      "license": "MIT",
      "devDependencies": {
        "bsb-native": "^5.0.3"
      }
    },
    "node_modules/bs-platform-native": {
      "version": "0.0.6",
      "resolved": "https://registry.npmjs.org/bs-platform-native/-/bs-platform-native-0.0.6.tgz",
      "integrity": "sha512-k2o1HzRTgcAtIzwu/RkPKwTQmvROvc31kxJU4ELryr1vgiqaxp0Dx6iKwmM8v4fn7VurXUkLcffi/3rrASryDw==",
      "dev": true,
      "hasInstallScript": true,
      "license": "SEE LICENSE IN LICENSE"
    },
    "node_modules/bsb-native": {
      "version": "5.0.3",
      "resolved": "https://registry.npmjs.org/bsb-native/-/bsb-native-5.0.3.tgz",
      "integrity": "sha512-DqEha+PLO2WngHXAP2swIEu6U3RYmQqFU2dCCa9N2tUetYgTKakVYQm41T1KC/5PVvuW1qmZHrDTqk1PUnK97Q==",
      "dev": true,
      "hasInstallScript": true,
      "license": "SEE LICENSE IN LICENSE",
      "dependencies": {
        "bs-platform-native": "^0.0.6"
      },
      "bin": {
        "bsb": "bsb",
        "bsc": "bsc",
        "bsrefmt": "bsrefmt",
        "bstracing": "lib/bstracing"
      }
    }
  }
}
